// !$*UTF8*$!
{
	archiveVersion = 1;
	classes = {
	};
	objectVersion = 55;
	objects = {

/* Begin PBXBuildFile section */
		8826A5A027FCA4D30038DDA2 /* FavoriteTableViewCell.swift in Sources */ = {isa = PBXBuildFile; fileRef = 8826A59F27FCA4D30038DDA2 /* FavoriteTableViewCell.swift */; };
		88A3D25328020D880076BA61 /* FavoritesViewController.swift in Sources */ = {isa = PBXBuildFile; fileRef = 88A3D25128020D880076BA61 /* FavoritesViewController.swift */; };
		88A3D25428020D880076BA61 /* TranslationViewController.swift in Sources */ = {isa = PBXBuildFile; fileRef = 88A3D25228020D880076BA61 /* TranslationViewController.swift */; };
		88A8081727FE2C1800BBFCF3 /* FavoriteEntity+CoreDataClass.swift in Sources */ = {isa = PBXBuildFile; fileRef = 88A8081627FE2C1800BBFCF3 /* FavoriteEntity+CoreDataClass.swift */; };
		88A8081927FE2C2A00BBFCF3 /* FavoriteEntity+CoreDataProperties.swift in Sources */ = {isa = PBXBuildFile; fileRef = 88A8081827FE2C2A00BBFCF3 /* FavoriteEntity+CoreDataProperties.swift */; };
		BE03BE5327F68A0800D21ADC /* Favorites.xcdatamodeld in Sources */ = {isa = PBXBuildFile; fileRef = BE03BE5127F68A0800D21ADC /* Favorites.xcdatamodeld */; };
		BE819B1328078AA300CA3E7C /* Usefull.txt in Resources */ = {isa = PBXBuildFile; fileRef = BE819B1228078AA300CA3E7C /* Usefull.txt */; };
		BE819B162807AECA00CA3E7C /* Alamofire in Frameworks */ = {isa = PBXBuildFile; productRef = BE819B152807AECA00CA3E7C /* Alamofire */; };
		BE819B182807B28000CA3E7C /* SupportedLanguages.swift in Sources */ = {isa = PBXBuildFile; fileRef = BE819B172807B28000CA3E7C /* SupportedLanguages.swift */; };
		BEBBB50B27EB9BB100EEBEBC /* AppDelegate.swift in Sources */ = {isa = PBXBuildFile; fileRef = BEBBB50A27EB9BB100EEBEBC /* AppDelegate.swift */; };
		BEBBB50D27EB9BB100EEBEBC /* SceneDelegate.swift in Sources */ = {isa = PBXBuildFile; fileRef = BEBBB50C27EB9BB100EEBEBC /* SceneDelegate.swift */; };
		BEBBB50F27EB9BB100EEBEBC /* ViewController.swift in Sources */ = {isa = PBXBuildFile; fileRef = BEBBB50E27EB9BB100EEBEBC /* ViewController.swift */; };
		BEBBB51227EB9BB100EEBEBC /* Main.storyboard in Resources */ = {isa = PBXBuildFile; fileRef = BEBBB51027EB9BB100EEBEBC /* Main.storyboard */; };
		BEBBB51427EB9BB200EEBEBC /* Assets.xcassets in Resources */ = {isa = PBXBuildFile; fileRef = BEBBB51327EB9BB200EEBEBC /* Assets.xcassets */; };
		BEBBB51727EB9BB200EEBEBC /* LaunchScreen.storyboard in Resources */ = {isa = PBXBuildFile; fileRef = BEBBB51527EB9BB200EEBEBC /* LaunchScreen.storyboard */; };
		BED6DD7328066B9D00C75D32 /* GoogleService-Info.plist in Resources */ = {isa = PBXBuildFile; fileRef = BED6DD7228066B9D00C75D32 /* GoogleService-Info.plist */; };
/* End PBXBuildFile section */

/* Begin PBXFileReference section */
		8826A59F27FCA4D30038DDA2 /* FavoriteTableViewCell.swift */ = {isa = PBXFileReference; lastKnownFileType = sourcecode.swift; path = FavoriteTableViewCell.swift; sourceTree = "<group>"; };
		88A3D25128020D880076BA61 /* FavoritesViewController.swift */ = {isa = PBXFileReference; fileEncoding = 4; lastKnownFileType = sourcecode.swift; path = FavoritesViewController.swift; sourceTree = "<group>"; };
		88A3D25228020D880076BA61 /* TranslationViewController.swift */ = {isa = PBXFileReference; fileEncoding = 4; lastKnownFileType = sourcecode.swift; path = TranslationViewController.swift; sourceTree = "<group>"; };
		88A8081627FE2C1800BBFCF3 /* FavoriteEntity+CoreDataClass.swift */ = {isa = PBXFileReference; lastKnownFileType = sourcecode.swift; path = "FavoriteEntity+CoreDataClass.swift"; sourceTree = "<group>"; };
		88A8081827FE2C2A00BBFCF3 /* FavoriteEntity+CoreDataProperties.swift */ = {isa = PBXFileReference; lastKnownFileType = sourcecode.swift; path = "FavoriteEntity+CoreDataProperties.swift"; sourceTree = "<group>"; };
		BE03BE5227F68A0800D21ADC /* Favorites.xcdatamodel */ = {isa = PBXFileReference; lastKnownFileType = wrapper.xcdatamodel; path = Favorites.xcdatamodel; sourceTree = "<group>"; };
		BE819B1228078AA300CA3E7C /* Usefull.txt */ = {isa = PBXFileReference; lastKnownFileType = text; path = Usefull.txt; sourceTree = "<group>"; };
		BE819B172807B28000CA3E7C /* SupportedLanguages.swift */ = {isa = PBXFileReference; lastKnownFileType = sourcecode.swift; path = SupportedLanguages.swift; sourceTree = "<group>"; };
		BEBBB50727EB9BB100EEBEBC /* Nantingol.app */ = {isa = PBXFileReference; explicitFileType = wrapper.application; includeInIndex = 0; path = Nantingol.app; sourceTree = BUILT_PRODUCTS_DIR; };
		BEBBB50A27EB9BB100EEBEBC /* AppDelegate.swift */ = {isa = PBXFileReference; lastKnownFileType = sourcecode.swift; path = AppDelegate.swift; sourceTree = "<group>"; };
		BEBBB50C27EB9BB100EEBEBC /* SceneDelegate.swift */ = {isa = PBXFileReference; lastKnownFileType = sourcecode.swift; path = SceneDelegate.swift; sourceTree = "<group>"; };
		BEBBB50E27EB9BB100EEBEBC /* ViewController.swift */ = {isa = PBXFileReference; lastKnownFileType = sourcecode.swift; path = ViewController.swift; sourceTree = "<group>"; };
		BEBBB51127EB9BB100EEBEBC /* Base */ = {isa = PBXFileReference; lastKnownFileType = file.storyboard; name = Base; path = Base.lproj/Main.storyboard; sourceTree = "<group>"; };
		BEBBB51327EB9BB200EEBEBC /* Assets.xcassets */ = {isa = PBXFileReference; lastKnownFileType = folder.assetcatalog; path = Assets.xcassets; sourceTree = "<group>"; };
		BEBBB51627EB9BB200EEBEBC /* Base */ = {isa = PBXFileReference; lastKnownFileType = file.storyboard; name = Base; path = Base.lproj/LaunchScreen.storyboard; sourceTree = "<group>"; };
		BEBBB51827EB9BB200EEBEBC /* Info.plist */ = {isa = PBXFileReference; lastKnownFileType = text.plist.xml; path = Info.plist; sourceTree = "<group>"; };
		BED6DD7228066B9D00C75D32 /* GoogleService-Info.plist */ = {isa = PBXFileReference; fileEncoding = 4; lastKnownFileType = text.plist.xml; path = "GoogleService-Info.plist"; sourceTree = "<group>"; };
/* End PBXFileReference section */

/* Begin PBXFrameworksBuildPhase section */
		BEBBB50427EB9BB100EEBEBC /* Frameworks */ = {
			isa = PBXFrameworksBuildPhase;
			buildActionMask = 2147483647;
			files = (
				BE819B162807AECA00CA3E7C /* Alamofire in Frameworks */,
			);
			runOnlyForDeploymentPostprocessing = 0;
		};
/* End PBXFrameworksBuildPhase section */

/* Begin PBXGroup section */
		8826A59927FBC5010038DDA2 /* ViewControllers */ = {
			isa = PBXGroup;
			children = (
				88A3D25128020D880076BA61 /* FavoritesViewController.swift */,
				88A3D25228020D880076BA61 /* TranslationViewController.swift */,
				BEBBB50E27EB9BB100EEBEBC /* ViewController.swift */,
			);
			path = ViewControllers;
			sourceTree = "<group>";
		};
		8826A59E27FCA4A90038DDA2 /* Views */ = {
			isa = PBXGroup;
			children = (
				BEBBB51027EB9BB100EEBEBC /* Main.storyboard */,
				BEBBB51527EB9BB200EEBEBC /* LaunchScreen.storyboard */,
				8826A59F27FCA4D30038DDA2 /* FavoriteTableViewCell.swift */,
			);
			path = Views;
			sourceTree = "<group>";
		};
		8897F8CB27FE2148007DD868 /* Models */ = {
			isa = PBXGroup;
			children = (
				BE03BE5127F68A0800D21ADC /* Favorites.xcdatamodeld */,
				88A8081627FE2C1800BBFCF3 /* FavoriteEntity+CoreDataClass.swift */,
				88A8081827FE2C2A00BBFCF3 /* FavoriteEntity+CoreDataProperties.swift */,
				BE819B172807B28000CA3E7C /* SupportedLanguages.swift */,
			);
			path = Models;
			sourceTree = "<group>";
		};
		BEBBB4FE27EB9BB100EEBEBC = {
			isa = PBXGroup;
			children = (
				BEBBB50927EB9BB100EEBEBC /* Nantingol */,
				BEBBB50827EB9BB100EEBEBC /* Products */,
			);
			sourceTree = "<group>";
		};
		BEBBB50827EB9BB100EEBEBC /* Products */ = {
			isa = PBXGroup;
			children = (
				BEBBB50727EB9BB100EEBEBC /* Nantingol.app */,
			);
			name = Products;
			sourceTree = "<group>";
		};
		BEBBB50927EB9BB100EEBEBC /* Nantingol */ = {
			isa = PBXGroup;
			children = (
				BED6DD7228066B9D00C75D32 /* GoogleService-Info.plist */,
				8897F8CB27FE2148007DD868 /* Models */,
				8826A59E27FCA4A90038DDA2 /* Views */,
				8826A59927FBC5010038DDA2 /* ViewControllers */,
				BEBBB50A27EB9BB100EEBEBC /* AppDelegate.swift */,
				BEBBB50C27EB9BB100EEBEBC /* SceneDelegate.swift */,
				BEBBB51327EB9BB200EEBEBC /* Assets.xcassets */,
				BEBBB51827EB9BB200EEBEBC /* Info.plist */,
				BE819B1228078AA300CA3E7C /* Usefull.txt */,
			);
			path = Nantingol;
			sourceTree = "<group>";
		};
/* End PBXGroup section */

/* Begin PBXNativeTarget section */
		BEBBB50627EB9BB100EEBEBC /* Nantingol */ = {
			isa = PBXNativeTarget;
			buildConfigurationList = BEBBB51B27EB9BB200EEBEBC /* Build configuration list for PBXNativeTarget "Nantingol" */;
			buildPhases = (
				BEBBB50327EB9BB100EEBEBC /* Sources */,
				BEBBB50427EB9BB100EEBEBC /* Frameworks */,
				BEBBB50527EB9BB100EEBEBC /* Resources */,
			);
			buildRules = (
			);
			dependencies = (
			);
			name = Nantingol;
			packageProductDependencies = (
				BE819B152807AECA00CA3E7C /* Alamofire */,
			);
			productName = Nantingol;
			productReference = BEBBB50727EB9BB100EEBEBC /* Nantingol.app */;
			productType = "com.apple.product-type.application";
		};
/* End PBXNativeTarget section */

/* Begin PBXProject section */
		BEBBB4FF27EB9BB100EEBEBC /* Project object */ = {
			isa = PBXProject;
			attributes = {
				BuildIndependentTargetsInParallel = 1;
				LastSwiftUpdateCheck = 1320;
				LastUpgradeCheck = 1320;
				TargetAttributes = {
					BEBBB50627EB9BB100EEBEBC = {
						CreatedOnToolsVersion = 13.2.1;
					};
				};
			};
			buildConfigurationList = BEBBB50227EB9BB100EEBEBC /* Build configuration list for PBXProject "Nantingol" */;
			compatibilityVersion = "Xcode 13.0";
			developmentRegion = en;
			hasScannedForEncodings = 0;
			knownRegions = (
				en,
				Base,
			);
			mainGroup = BEBBB4FE27EB9BB100EEBEBC;
			packageReferences = (
				BE819B142807AECA00CA3E7C /* XCRemoteSwiftPackageReference "Alamofire" */,
			);
			productRefGroup = BEBBB50827EB9BB100EEBEBC /* Products */;
			projectDirPath = "";
			projectRoot = "";
			targets = (
				BEBBB50627EB9BB100EEBEBC /* Nantingol */,
			);
		};
/* End PBXProject section */

/* Begin PBXResourcesBuildPhase section */
		BEBBB50527EB9BB100EEBEBC /* Resources */ = {
			isa = PBXResourcesBuildPhase;
			buildActionMask = 2147483647;
			files = (
				BEBBB51727EB9BB200EEBEBC /* LaunchScreen.storyboard in Resources */,
				BED6DD7328066B9D00C75D32 /* GoogleService-Info.plist in Resources */,
				BE819B1328078AA300CA3E7C /* Usefull.txt in Resources */,
				BEBBB51427EB9BB200EEBEBC /* Assets.xcassets in Resources */,
				BEBBB51227EB9BB100EEBEBC /* Main.storyboard in Resources */,
			);
			runOnlyForDeploymentPostprocessing = 0;
		};
/* End PBXResourcesBuildPhase section */

/* Begin PBXSourcesBuildPhase section */
		BEBBB50327EB9BB100EEBEBC /* Sources */ = {
			isa = PBXSourcesBuildPhase;
			buildActionMask = 2147483647;
			files = (
				BEBBB50F27EB9BB100EEBEBC /* ViewController.swift in Sources */,
				88A3D25428020D880076BA61 /* TranslationViewController.swift in Sources */,
				BE03BE5327F68A0800D21ADC /* Favorites.xcdatamodeld in Sources */,
				BEBBB50B27EB9BB100EEBEBC /* AppDelegate.swift in Sources */,
				BE819B182807B28000CA3E7C /* SupportedLanguages.swift in Sources */,
				BEBBB50D27EB9BB100EEBEBC /* SceneDelegate.swift in Sources */,
				88A8081927FE2C2A00BBFCF3 /* FavoriteEntity+CoreDataProperties.swift in Sources */,
				8826A5A027FCA4D30038DDA2 /* FavoriteTableViewCell.swift in Sources */,
				88A8081727FE2C1800BBFCF3 /* FavoriteEntity+CoreDataClass.swift in Sources */,
				88A3D25328020D880076BA61 /* FavoritesViewController.swift in Sources */,
			);
			runOnlyForDeploymentPostprocessing = 0;
		};
/* End PBXSourcesBuildPhase section */

/* Begin PBXVariantGroup section */
		BEBBB51027EB9BB100EEBEBC /* Main.storyboard */ = {
			isa = PBXVariantGroup;
			children = (
				BEBBB51127EB9BB100EEBEBC /* Base */,
			);
			name = Main.storyboard;
			sourceTree = "<group>";
		};
		BEBBB51527EB9BB200EEBEBC /* LaunchScreen.storyboard */ = {
			isa = PBXVariantGroup;
			children = (
				BEBBB51627EB9BB200EEBEBC /* Base */,
			);
			name = LaunchScreen.storyboard;
			sourceTree = "<group>";
		};
/* End PBXVariantGroup section */

/* Begin XCBuildConfiguration section */
		BEBBB51927EB9BB200EEBEBC /* Debug */ = {
			isa = XCBuildConfiguration;
			buildSettings = {
				ALWAYS_SEARCH_USER_PATHS = NO;
				CLANG_ANALYZER_NONNULL = YES;
				CLANG_ANALYZER_NUMBER_OBJECT_CONVERSION = YES_AGGRESSIVE;
				CLANG_CXX_LANGUAGE_STANDARD = "gnu++17";
				CLANG_CXX_LIBRARY = "libc++";
				CLANG_ENABLE_MODULES = YES;
				CLANG_ENABLE_OBJC_ARC = YES;
				CLANG_ENABLE_OBJC_WEAK = YES;
				CLANG_WARN_BLOCK_CAPTURE_AUTORELEASING = YES;
				CLANG_WARN_BOOL_CONVERSION = YES;
				CLANG_WARN_COMMA = YES;
				CLANG_WARN_CONSTANT_CONVERSION = YES;
				CLANG_WARN_DEPRECATED_OBJC_IMPLEMENTATIONS = YES;
				CLANG_WARN_DIRECT_OBJC_ISA_USAGE = YES_ERROR;
				CLANG_WARN_DOCUMENTATION_COMMENTS = YES;
				CLANG_WARN_EMPTY_BODY = YES;
				CLANG_WARN_ENUM_CONVERSION = YES;
				CLANG_WARN_INFINITE_RECURSION = YES;
				CLANG_WARN_INT_CONVERSION = YES;
				CLANG_WARN_NON_LITERAL_NULL_CONVERSION = YES;
				CLANG_WARN_OBJC_IMPLICIT_RETAIN_SELF = YES;
				CLANG_WARN_OBJC_LITERAL_CONVERSION = YES;
				CLANG_WARN_OBJC_ROOT_CLASS = YES_ERROR;
				CLANG_WARN_QUOTED_INCLUDE_IN_FRAMEWORK_HEADER = YES;
				CLANG_WARN_RANGE_LOOP_ANALYSIS = YES;
				CLANG_WARN_STRICT_PROTOTYPES = YES;
				CLANG_WARN_SUSPICIOUS_MOVE = YES;
				CLANG_WARN_UNGUARDED_AVAILABILITY = YES_AGGRESSIVE;
				CLANG_WARN_UNREACHABLE_CODE = YES;
				CLANG_WARN__DUPLICATE_METHOD_MATCH = YES;
				COPY_PHASE_STRIP = NO;
				DEBUG_INFORMATION_FORMAT = dwarf;
				ENABLE_STRICT_OBJC_MSGSEND = YES;
				ENABLE_TESTABILITY = YES;
				GCC_C_LANGUAGE_STANDARD = gnu11;
				GCC_DYNAMIC_NO_PIC = NO;
				GCC_NO_COMMON_BLOCKS = YES;
				GCC_OPTIMIZATION_LEVEL = 0;
				GCC_PREPROCESSOR_DEFINITIONS = (
					"DEBUG=1",
					"$(inherited)",
				);
				GCC_WARN_64_TO_32_BIT_CONVERSION = YES;
				GCC_WARN_ABOUT_RETURN_TYPE = YES_ERROR;
				GCC_WARN_UNDECLARED_SELECTOR = YES;
				GCC_WARN_UNINITIALIZED_AUTOS = YES_AGGRESSIVE;
				GCC_WARN_UNUSED_FUNCTION = YES;
				GCC_WARN_UNUSED_VARIABLE = YES;
				IPHONEOS_DEPLOYMENT_TARGET = 15.2;
				MTL_ENABLE_DEBUG_INFO = INCLUDE_SOURCE;
				MTL_FAST_MATH = YES;
				ONLY_ACTIVE_ARCH = YES;
				SDKROOT = iphoneos;
				SWIFT_ACTIVE_COMPILATION_CONDITIONS = DEBUG;
				SWIFT_OPTIMIZATION_LEVEL = "-Onone";
			};
			name = Debug;
		};
		BEBBB51A27EB9BB200EEBEBC /* Release */ = {
			isa = XCBuildConfiguration;
			buildSettings = {
				ALWAYS_SEARCH_USER_PATHS = NO;
				CLANG_ANALYZER_NONNULL = YES;
				CLANG_ANALYZER_NUMBER_OBJECT_CONVERSION = YES_AGGRESSIVE;
				CLANG_CXX_LANGUAGE_STANDARD = "gnu++17";
				CLANG_CXX_LIBRARY = "libc++";
				CLANG_ENABLE_MODULES = YES;
				CLANG_ENABLE_OBJC_ARC = YES;
				CLANG_ENABLE_OBJC_WEAK = YES;
				CLANG_WARN_BLOCK_CAPTURE_AUTORELEASING = YES;
				CLANG_WARN_BOOL_CONVERSION = YES;
				CLANG_WARN_COMMA = YES;
				CLANG_WARN_CONSTANT_CONVERSION = YES;
				CLANG_WARN_DEPRECATED_OBJC_IMPLEMENTATIONS = YES;
				CLANG_WARN_DIRECT_OBJC_ISA_USAGE = YES_ERROR;
				CLANG_WARN_DOCUMENTATION_COMMENTS = YES;
				CLANG_WARN_EMPTY_BODY = YES;
				CLANG_WARN_ENUM_CONVERSION = YES;
				CLANG_WARN_INFINITE_RECURSION = YES;
				CLANG_WARN_INT_CONVERSION = YES;
				CLANG_WARN_NON_LITERAL_NULL_CONVERSION = YES;
				CLANG_WARN_OBJC_IMPLICIT_RETAIN_SELF = YES;
				CLANG_WARN_OBJC_LITERAL_CONVERSION = YES;
				CLANG_WARN_OBJC_ROOT_CLASS = YES_ERROR;
				CLANG_WARN_QUOTED_INCLUDE_IN_FRAMEWORK_HEADER = YES;
				CLANG_WARN_RANGE_LOOP_ANALYSIS = YES;
				CLANG_WARN_STRICT_PROTOTYPES = YES;
				CLANG_WARN_SUSPICIOUS_MOVE = YES;
				CLANG_WARN_UNGUARDED_AVAILABILITY = YES_AGGRESSIVE;
				CLANG_WARN_UNREACHABLE_CODE = YES;
				CLANG_WARN__DUPLICATE_METHOD_MATCH = YES;
				COPY_PHASE_STRIP = NO;
				DEBUG_INFORMATION_FORMAT = "dwarf-with-dsym";
				ENABLE_NS_ASSERTIONS = NO;
				ENABLE_STRICT_OBJC_MSGSEND = YES;
				GCC_C_LANGUAGE_STANDARD = gnu11;
				GCC_NO_COMMON_BLOCKS = YES;
				GCC_WARN_64_TO_32_BIT_CONVERSION = YES;
				GCC_WARN_ABOUT_RETURN_TYPE = YES_ERROR;
				GCC_WARN_UNDECLARED_SELECTOR = YES;
				GCC_WARN_UNINITIALIZED_AUTOS = YES_AGGRESSIVE;
				GCC_WARN_UNUSED_FUNCTION = YES;
				GCC_WARN_UNUSED_VARIABLE = YES;
				IPHONEOS_DEPLOYMENT_TARGET = 15.2;
				MTL_ENABLE_DEBUG_INFO = NO;
				MTL_FAST_MATH = YES;
				SDKROOT = iphoneos;
				SWIFT_COMPILATION_MODE = wholemodule;
				SWIFT_OPTIMIZATION_LEVEL = "-O";
				VALIDATE_PRODUCT = YES;
			};
			name = Release;
		};
		BEBBB51C27EB9BB200EEBEBC /* Debug */ = {
			isa = XCBuildConfiguration;
			buildSettings = {
				ASSETCATALOG_COMPILER_APPICON_NAME = AppIcon;
				ASSETCATALOG_COMPILER_GLOBAL_ACCENT_COLOR_NAME = AccentColor;
				CODE_SIGN_STYLE = Automatic;
				CURRENT_PROJECT_VERSION = 1;
				DEVELOPMENT_TEAM = F6AMN37FZN;
				GENERATE_INFOPLIST_FILE = YES;
				INFOPLIST_FILE = Nantingol/Info.plist;
				INFOPLIST_KEY_UIApplicationSupportsIndirectInputEvents = YES;
				INFOPLIST_KEY_UILaunchStoryboardName = LaunchScreen;
				INFOPLIST_KEY_UIMainStoryboardFile = Main;
				INFOPLIST_KEY_UISupportedInterfaceOrientations_iPad = "UIInterfaceOrientationPortrait UIInterfaceOrientationPortraitUpsideDown UIInterfaceOrientationLandscapeLeft UIInterfaceOrientationLandscapeRight";
				INFOPLIST_KEY_UISupportedInterfaceOrientations_iPhone = "UIInterfaceOrientationPortrait UIInterfaceOrientationLandscapeLeft UIInterfaceOrientationLandscapeRight";
				LD_RUNPATH_SEARCH_PATHS = (
					"$(inherited)",
					"@executable_path/Frameworks",
				);
				MARKETING_VERSION = 1.0;
				PRODUCT_BUNDLE_IDENTIFIER = cs.mad.Nantingol;
				PRODUCT_NAME = "$(TARGET_NAME)";
				SWIFT_EMIT_LOC_STRINGS = YES;
				SWIFT_VERSION = 5.0;
				TARGETED_DEVICE_FAMILY = "1,2";
			};
			name = Debug;
		};
		BEBBB51D27EB9BB200EEBEBC /* Release */ = {
			isa = XCBuildConfiguration;
			buildSettings = {
				ASSETCATALOG_COMPILER_APPICON_NAME = AppIcon;
				ASSETCATALOG_COMPILER_GLOBAL_ACCENT_COLOR_NAME = AccentColor;
				CODE_SIGN_STYLE = Automatic;
				CURRENT_PROJECT_VERSION = 1;
				DEVELOPMENT_TEAM = F6AMN37FZN;
				GENERATE_INFOPLIST_FILE = YES;
				INFOPLIST_FILE = Nantingol/Info.plist;
				INFOPLIST_KEY_UIApplicationSupportsIndirectInputEvents = YES;
				INFOPLIST_KEY_UILaunchStoryboardName = LaunchScreen;
				INFOPLIST_KEY_UIMainStoryboardFile = Main;
				INFOPLIST_KEY_UISupportedInterfaceOrientations_iPad = "UIInterfaceOrientationPortrait UIInterfaceOrientationPortraitUpsideDown UIInterfaceOrientationLandscapeLeft UIInterfaceOrientationLandscapeRight";
				INFOPLIST_KEY_UISupportedInterfaceOrientations_iPhone = "UIInterfaceOrientationPortrait UIInterfaceOrientationLandscapeLeft UIInterfaceOrientationLandscapeRight";
				LD_RUNPATH_SEARCH_PATHS = (
					"$(inherited)",
					"@executable_path/Frameworks",
				);
				MARKETING_VERSION = 1.0;
				PRODUCT_BUNDLE_IDENTIFIER = cs.mad.Nantingol;
				PRODUCT_NAME = "$(TARGET_NAME)";
				SWIFT_EMIT_LOC_STRINGS = YES;
				SWIFT_VERSION = 5.0;
				TARGETED_DEVICE_FAMILY = "1,2";
			};
			name = Release;
		};
/* End XCBuildConfiguration section */

/* Begin XCConfigurationList section */
		BEBBB50227EB9BB100EEBEBC /* Build configuration list for PBXProject "Nantingol" */ = {
			isa = XCConfigurationList;
			buildConfigurations = (
				BEBBB51927EB9BB200EEBEBC /* Debug */,
				BEBBB51A27EB9BB200EEBEBC /* Release */,
			);
			defaultConfigurationIsVisible = 0;
			defaultConfigurationName = Release;
		};
		BEBBB51B27EB9BB200EEBEBC /* Build configuration list for PBXNativeTarget "Nantingol" */ = {
			isa = XCConfigurationList;
			buildConfigurations = (
				BEBBB51C27EB9BB200EEBEBC /* Debug */,
				BEBBB51D27EB9BB200EEBEBC /* Release */,
			);
			defaultConfigurationIsVisible = 0;
			defaultConfigurationName = Release;
		};
/* End XCConfigurationList section */

/* Begin XCRemoteSwiftPackageReference section */
		BE819B142807AECA00CA3E7C /* XCRemoteSwiftPackageReference "Alamofire" */ = {
			isa = XCRemoteSwiftPackageReference;
			repositoryURL = "https://github.com/Alamofire/Alamofire.git";
			requirement = {
				kind = upToNextMajorVersion;
				minimumVersion = 5.0.0;
			};
		};
/* End XCRemoteSwiftPackageReference section */

/* Begin XCSwiftPackageProductDependency section */
		BE819B152807AECA00CA3E7C /* Alamofire */ = {
			isa = XCSwiftPackageProductDependency;
			package = BE819B142807AECA00CA3E7C /* XCRemoteSwiftPackageReference "Alamofire" */;
			productName = Alamofire;
		};
/* End XCSwiftPackageProductDependency section */

/* Begin XCVersionGroup section */
		BE03BE5127F68A0800D21ADC /* Favorites.xcdatamodeld */ = {
			isa = XCVersionGroup;
			children = (
				BE03BE5227F68A0800D21ADC /* Favorites.xcdatamodel */,
			);
			currentVersion = BE03BE5227F68A0800D21ADC /* Favorites.xcdatamodel */;
			path = Favorites.xcdatamodeld;
			sourceTree = "<group>";
			versionGroupType = wrapper.xcdatamodel;
		};
/* End XCVersionGroup section */
	};
	rootObject = BEBBB4FF27EB9BB100EEBEBC /* Project object */;
}
